
Microsoft Visual Studio Solution File, Format Version 12.00
# Visual Studio 15
VisualStudioVersion = 15.0.28307.106
MinimumVisualStudioVersion = 10.0.40219.1
Project("{FAE04EC0-301F-11D3-BF4B-00C04F79EFBC}") = "DocxSanitizer", "DocxSanitizer\DocxSanitizer.csproj", "{5C7668E1-06E5-4C67-9E9F-EB59B3805DCF}"
EndProject
Global
	GlobalSection(SolutionConfigurationPlatforms) = preSolution
		Debug|Any CPU = Debug|Any CPU
		Release|Any CPU = Release|Any CPU
	EndGlobalSection
	GlobalSection(ProjectConfigurationPlatforms) = postSolution
		{5C7668E1-06E5-4C67-9E9F-EB59B3805DCF}.Debug|Any CPU.ActiveCfg = Release|Any CPU
		{5C7668E1-06E5-4C67-9E9F-EB59B3805DCF}.Debug|Any CPU.Build.0 = Release|Any CPU
		{5C7668E1-06E5-4C67-9E9F-EB59B3805DCF}.Release|Any CPU.ActiveCfg = Release|Any CPU
		{5C7668E1-06E5-4C67-9E9F-EB59B3805DCF}.Release|Any CPU.Build.0 = Release|Any CPU
	EndGlobalSection
	GlobalSection(SolutionProperties) = preSolution
		HideSolutionNode = FALSE
	EndGlobalSection
	GlobalSection(ExtensibilityGlobals) = postSolution
		SolutionGuid = {A4202F93-BF6A-4792-A539-1FC289DA3AEE}
	EndGlobalSection
EndGlobal
